
Microsoft Visual Studio Solution File, Format Version 12.00
# Visual Studio Version 16
VisualStudioVersion = 16.0.29215.179
MinimumVisualStudioVersion = 10.0.40219.1
Project("{FAE04EC0-301F-11D3-BF4B-00C04F79EFBC}") = "Calculator", "Calculator\Calculator.csproj", "{18A4E59A-4CE0-4AEE-9CF8-E029A7711727}"
EndProject
Global
	GlobalSection(SolutionConfigurationPlatforms) = preSolution
		Debug|Any CPU = Debug|Any CPU
		Release|Any CPU = Release|Any CPU
	EndGlobalSection
	GlobalSection(ProjectConfigurationPlatforms) = postSolution
		{18A4E59A-4CE0-4AEE-9CF8-E029A7711727}.Debug|Any CPU.ActiveCfg = Debug|Any CPU
		{18A4E59A-4CE0-4AEE-9CF8-E029A7711727}.Debug|Any CPU.Build.0 = Debug|Any CPU
		{18A4E59A-4CE0-4AEE-9CF8-E029A7711727}.Release|Any CPU.ActiveCfg = Release|Any CPU
		{18A4E59A-4CE0-4AEE-9CF8-E029A7711727}.Release|Any CPU.Build.0 = Release|Any CPU
	EndGlobalSection
	GlobalSection(SolutionProperties) = preSolution
		HideSolutionNode = FALSE
	EndGlobalSection
	GlobalSection(ExtensibilityGlobals) = postSolution
		SolutionGuid = {123FC211-3316-4455-84CD-9F5E32CF9B0A}
	EndGlobalSection
EndGlobal
